<?xml version="1.0" encoding="utf-8"?>
<Project ToolsVersion="4.0" xmlns="http://schemas.microsoft.com/developer/msbuild/2003">
  <ItemGroup>
    <Filter Include="소스 파일">
      <UniqueIdentifier>{4FC737F1-C7A5-4376-A066-2A32D752A2FF}</UniqueIdentifier>
      <Extensions>cpp;c;cc;cxx;c++;cppm;ixx;def;odl;idl;hpj;bat;asm;asmx</Extensions>
    </Filter>
    <Filter Include="헤더 파일">
      <UniqueIdentifier>{93995380-89BD-4b04-88EB-625FBE52EBFB}</UniqueIdentifier>
      <Extensions>h;hh;hpp;hxx;h++;hm;inl;inc;ipp;xsd</Extensions>
    </Filter>
    <Filter Include="리소스 파일">
      <UniqueIdentifier>{67DA6AB6-F800-4c08-8B7A-83BB121AAD01}</UniqueIdentifier>
      <Extensions>rc;ico;cur;bmp;dlg;rc2;rct;bin;rgs;gif;jpg;jpeg;jpe;resx;tiff;tif;png;wav;mfcribbon-ms</Extensions>
    </Filter>
  </ItemGroup>
  <ItemGroup>
    <ClCompile Include="C01_exception.cpp">
      <Filter>소스 파일</Filter>
    </ClCompile>
    <ClCompile Include="C02_Vector.cpp">
      <Filter>소스 파일</Filter>
    </ClCompile>
    <ClCompile Include="C03_VectorQuize.cpp">
      <Filter>소스 파일</Filter>
    </ClCompile>
    <ClCompile Include="C03-1_강사님답.cpp">
      <Filter>소스 파일</Filter>
    </ClCompile>
    <ClCompile Include="Product Manager.cpp">
      <Filter>소스 파일</Filter>
    </ClCompile>
    <ClCompile Include="gpt벡터.cpp">
      <Filter>소스 파일</Filter>
    </ClCompile>
    <ClCompile Include="gpt해답.cpp">
      <Filter>소스 파일</Filter>
    </ClCompile>
    <ClCompile Include="배열거꾸로.cpp">
      <Filter>소스 파일</Filter>
    </ClCompile>
    <ClCompile Include="가변배열, 버블정렬.cpp">
      <Filter>소스 파일</Filter>
    </ClCompile>
    <ClCompile Include="linkedList.cpp">
      <Filter>헤더 파일</Filter>
    </ClCompile>
    <ClCompile Include="linkedList_Main.cpp">
      <Filter>소스 파일</Filter>
    </ClCompile>
    <ClCompile Include="어소트락.cpp">
      <Filter>소스 파일</Filter>
    </ClCompile>
    <ClCompile Include="정환이형꺼.cpp">
      <Filter>소스 파일</Filter>
    </ClCompile>
    <ClCompile Include="연결리스트일단완성.cpp">
      <Filter>소스 파일</Filter>
    </ClCompile>
    <ClCompile Include="연결리스트1-1.cpp">
      <Filter>소스 파일</Filter>
    </ClCompile>
    <ClCompile Include="다시한번 만들어보자.cpp">
      <Filter>소스 파일</Filter>
    </ClCompile>
    <ClCompile Include="클래스 연결리스트01.cpp">
      <Filter>소스 파일</Filter>
    </ClCompile>
    <ClCompile Include="스택.cpp">
      <Filter>소스 파일</Filter>
    </ClCompile>
    <ClCompile Include="큐 연결리스트.cpp">
      <Filter>소스 파일</Filter>
    </ClCompile>
    <ClCompile Include="연결리스트큐.cpp">
      <Filter>소스 파일</Filter>
    </ClCompile>
    <ClCompile Include="test.cpp">
      <Filter>소스 파일</Filter>
    </ClCompile>
    <ClCompile Include="test01.cpp">
      <Filter>소스 파일</Filter>
    </ClCompile>
    <ClCompile Include="파일입출력.cpp">
      <Filter>소스 파일</Filter>
    </ClCompile>
    <ClCompile Include="리눅스 파일입출력.cpp">
      <Filter>소스 파일</Filter>
    </ClCompile>
    <ClCompile Include="파일만들고 복사파일 만들기.cpp">
      <Filter>소스 파일</Filter>
    </ClCompile>
    <ClCompile Include="file입출력.c">
      <Filter>소스 파일</Filter>
    </ClCompile>
    <ClCompile Include="미니프로젝2.cpp">
      <Filter>소스 파일</Filter>
    </ClCompile>
    <ClCompile Include="미니프로젝 테스트.cpp">
      <Filter>소스 파일</Filter>
    </ClCompile>
    <ClCompile Include="미니프로젝2_1.cpp">
      <Filter>소스 파일</Filter>
    </ClCompile>
    <ClCompile Include="미니프로젝2_2.cpp">
      <Filter>소스 파일</Filter>
    </ClCompile>
    <ClCompile Include="미니프로젝2_3.cpp">
      <Filter>소스 파일</Filter>
    </ClCompile>
    <ClCompile Include="미니프로젝2_4.cpp">
      <Filter>소스 파일</Filter>
    </ClCompile>
    <ClCompile Include="미니프로젝2_5.cpp">
      <Filter>소스 파일</Filter>
    </ClCompile>
    <ClCompile Include="미니프로젝2_6.cpp">
      <Filter>소스 파일</Filter>
    </ClCompile>
    <ClCompile Include="미니프로젝3.cpp">
      <Filter>소스 파일</Filter>
    </ClCompile>
    <ClCompile Include="미니프로젝3_1.cpp">
      <Filter>소스 파일</Filter>
    </ClCompile>
    <ClCompile Include="Linked_List.cpp">
      <Filter>소스 파일</Filter>
    </ClCompile>
  </ItemGroup>
  <ItemGroup>
    <ClInclude Include="linkedList.h">
      <Filter>헤더 파일</Filter>
    </ClInclude>
    <ClInclude Include="클래스연결리스트01.h">
      <Filter>헤더 파일</Filter>
    </ClInclude>
  </ItemGroup>
  <ItemGroup>
    <Text Include="myinfo.txt">
      <Filter>소스 파일</Filter>
    </Text>
  </ItemGroup>
</Project>