
Microsoft Visual Studio Solution File, Format Version 12.00
# Visual Studio Version 17
VisualStudioVersion = 17.9.34607.119
MinimumVisualStudioVersion = 10.0.40219.1
Project("{8BC9CEB8-8B4A-11D0-8D11-00A0C91BC942}") = "Project1", "Project1\Project1.vcxproj", "{DA1FBD1B-DDFB-4E74-AFAB-982B65A8A5C6}"
EndProject
Global
	GlobalSection(SolutionConfigurationPlatforms) = preSolution
		Debug|x64 = Debug|x64
		Debug|x86 = Debug|x86
		Release|x64 = Release|x64
		Release|x86 = Release|x86
	EndGlobalSection
	GlobalSection(ProjectConfigurationPlatforms) = postSolution
		{DA1FBD1B-DDFB-4E74-AFAB-982B65A8A5C6}.Debug|x64.ActiveCfg = Debug|x64
		{DA1FBD1B-DDFB-4E74-AFAB-982B65A8A5C6}.Debug|x64.Build.0 = Debug|x64
		{DA1FBD1B-DDFB-4E74-AFAB-982B65A8A5C6}.Debug|x86.ActiveCfg = Debug|Win32
		{DA1FBD1B-DDFB-4E74-AFAB-982B65A8A5C6}.Debug|x86.Build.0 = Debug|Win32
		{DA1FBD1B-DDFB-4E74-AFAB-982B65A8A5C6}.Release|x64.ActiveCfg = Release|x64
		{DA1FBD1B-DDFB-4E74-AFAB-982B65A8A5C6}.Release|x64.Build.0 = Release|x64
		{DA1FBD1B-DDFB-4E74-AFAB-982B65A8A5C6}.Release|x86.ActiveCfg = Release|Win32
		{DA1FBD1B-DDFB-4E74-AFAB-982B65A8A5C6}.Release|x86.Build.0 = Release|Win32
	EndGlobalSection
	GlobalSection(SolutionProperties) = preSolution
		HideSolutionNode = FALSE
	EndGlobalSection
	GlobalSection(ExtensibilityGlobals) = postSolution
		SolutionGuid = {4E627B22-2307-4B1B-99F4-34A2A6AD0855}
	EndGlobalSection
EndGlobal
